
Microsoft Visual Studio Solution File, Format Version 12.00
# Visual Studio 15
VisualStudioVersion = 15.0.26730.16
MinimumVisualStudioVersion = 10.0.40219.1
Project("{FAE04EC0-301F-11D3-BF4B-00C04F79EFBC}") = "WPF 09C - ListBox", "WPF 09C - ListBox\WPF 09C - ListBox.csproj", "{6F65E51C-51D7-45B8-8F92-B6F2E5C4354B}"
EndProject
Global
	GlobalSection(SolutionConfigurationPlatforms) = preSolution
		Debug|Any CPU = Debug|Any CPU
		Release|Any CPU = Release|Any CPU
	EndGlobalSection
	GlobalSection(ProjectConfigurationPlatforms) = postSolution
		{6F65E51C-51D7-45B8-8F92-B6F2E5C4354B}.Debug|Any CPU.ActiveCfg = Debug|Any CPU
		{6F65E51C-51D7-45B8-8F92-B6F2E5C4354B}.Debug|Any CPU.Build.0 = Debug|Any CPU
		{6F65E51C-51D7-45B8-8F92-B6F2E5C4354B}.Release|Any CPU.ActiveCfg = Release|Any CPU
		{6F65E51C-51D7-45B8-8F92-B6F2E5C4354B}.Release|Any CPU.Build.0 = Release|Any CPU
	EndGlobalSection
	GlobalSection(SolutionProperties) = preSolution
		HideSolutionNode = FALSE
	EndGlobalSection
	GlobalSection(ExtensibilityGlobals) = postSolution
		SolutionGuid = {2F465EB7-8D29-47E4-B2C3-937BA227C3AF}
	EndGlobalSection
EndGlobal
